
Microsoft Visual Studio Solution File, Format Version 12.00
# Visual Studio 14
VisualStudioVersion = 14.0.25420.1
MinimumVisualStudioVersion = 10.0.40219.1
Project("{FAE04EC0-301F-11D3-BF4B-00C04F79EFBC}") = "Simple API Example", "Simple API Example\Simple API Example.csproj", "{DFA6446E-B74E-412D-84FE-7BA9BAE4B0F0}"
EndProject
Project("{FAE04EC0-301F-11D3-BF4B-00C04F79EFBC}") = "Simple API Example.Tests", "Simple API Example.Tests\Simple API Example.Tests.csproj", "{193779C4-F85F-4ABC-99FF-56BB5C17CE2F}"
EndProject
Global
	GlobalSection(SolutionConfigurationPlatforms) = preSolution
		Debug|Any CPU = Debug|Any CPU
		Release|Any CPU = Release|Any CPU
	EndGlobalSection
	GlobalSection(ProjectConfigurationPlatforms) = postSolution
		{DFA6446E-B74E-412D-84FE-7BA9BAE4B0F0}.Debug|Any CPU.ActiveCfg = Debug|Any CPU
		{DFA6446E-B74E-412D-84FE-7BA9BAE4B0F0}.Debug|Any CPU.Build.0 = Debug|Any CPU
		{DFA6446E-B74E-412D-84FE-7BA9BAE4B0F0}.Release|Any CPU.ActiveCfg = Release|Any CPU
		{DFA6446E-B74E-412D-84FE-7BA9BAE4B0F0}.Release|Any CPU.Build.0 = Release|Any CPU
		{193779C4-F85F-4ABC-99FF-56BB5C17CE2F}.Debug|Any CPU.ActiveCfg = Debug|Any CPU
		{193779C4-F85F-4ABC-99FF-56BB5C17CE2F}.Debug|Any CPU.Build.0 = Debug|Any CPU
		{193779C4-F85F-4ABC-99FF-56BB5C17CE2F}.Release|Any CPU.ActiveCfg = Release|Any CPU
		{193779C4-F85F-4ABC-99FF-56BB5C17CE2F}.Release|Any CPU.Build.0 = Release|Any CPU
	EndGlobalSection
	GlobalSection(SolutionProperties) = preSolution
		HideSolutionNode = FALSE
	EndGlobalSection
EndGlobal
